
Microsoft Visual Studio Solution File, Format Version 12.00
# Visual Studio Version 17
VisualStudioVersion = 17.13.35825.156 d17.13
MinimumVisualStudioVersion = 10.0.40219.1
Project("{FAE04EC0-301F-11D3-BF4B-00C04F79EFBC}") = "MauiAppMinhasCompras", "MauiAppMinhasCompras\MauiAppMinhasCompras.csproj", "{94CC90E9-18E5-40AF-AA77-2CDEA1D1D1FF}"
EndProject
Global
	GlobalSection(SolutionConfigurationPlatforms) = preSolution
		Debug|Any CPU = Debug|Any CPU
		Release|Any CPU = Release|Any CPU
	EndGlobalSection
	GlobalSection(ProjectConfigurationPlatforms) = postSolution
		{94CC90E9-18E5-40AF-AA77-2CDEA1D1D1FF}.Debug|Any CPU.ActiveCfg = Debug|Any CPU
		{94CC90E9-18E5-40AF-AA77-2CDEA1D1D1FF}.Debug|Any CPU.Build.0 = Debug|Any CPU
		{94CC90E9-18E5-40AF-AA77-2CDEA1D1D1FF}.Release|Any CPU.ActiveCfg = Release|Any CPU
		{94CC90E9-18E5-40AF-AA77-2CDEA1D1D1FF}.Release|Any CPU.Build.0 = Release|Any CPU
	EndGlobalSection
	GlobalSection(SolutionProperties) = preSolution
		HideSolutionNode = FALSE
	EndGlobalSection
	GlobalSection(ExtensibilityGlobals) = postSolution
		SolutionGuid = {83F30E22-1010-49EA-8B9D-39B97EBEFD6E}
	EndGlobalSection
EndGlobal
